{
  "nodes": {
    "nixpkgs": {
      "locked": {
        "lastModified": 1773231277,
        "narHash": "sha256-p0h/nSeqzIkbn/2uFC4keoIPwmqXGHsX0gkCXM7km00=",
        "rev": "75690239f08f885ca9b0267580101f60d10fbe62",
        "type": "tarball",
        "url": "https://releases.nixos.org/nixpkgs/nixpkgs-26.05pre961788.75690239f08f/nixexprs.tar.xz"
      },
      "original": {
        "type": "tarball",
        "url": "https://nixpkgs.dev/channel/nixpkgs-unstable"
      }
    },
    "root": {
      "inputs": {
        "nixpkgs": "nixpkgs"
      }
    }
  },
  "root": "root",
  "version": 7
}
