{
  "nodes": {
    "nixpkgs": {
      "locked": {
        "lastModified": 1779475168,
        "narHash": "sha256-5kB9V6f63Htxk/O8vzfXXw/mOCrR6F75GO7fJvQ9pJA=",
        "rev": "a0991c886dc83e6e9de01d5266e4842985b1850e",
        "type": "tarball",
        "url": "https://releases.nixos.org/nixpkgs/nixpkgs-26.05pre1003446.a0991c886dc8/nixexprs.tar.xz"
      },
      "original": {
        "type": "tarball",
        "url": "https://channels.nixos.org/nixpkgs-unstable/nixexprs.tar.xz"
      }
    },
    "root": {
      "inputs": {
        "nixpkgs": "nixpkgs"
      }
    }
  },
  "root": "root",
  "version": 7
}
